
Microsoft Visual Studio Solution File, Format Version 12.00
# Visual Studio Version 16
VisualStudioVersion = 16.0.29609.76
MinimumVisualStudioVersion = 10.0.40219.1
Project("{FAE04EC0-301F-11D3-BF4B-00C04F79EFBC}") = "Clissold.CSVReader", "Clissold.CSVReader\Clissold.CSVReader.csproj", "{4EEFD755-7B7E-4E6E-B5EC-15C8E1161D18}"
EndProject
Project("{FAE04EC0-301F-11D3-BF4B-00C04F79EFBC}") = "Clissold.DAL", "Clissold.DAL\Clissold.DAL.csproj", "{2CC79573-7C60-4463-98E2-1B15625F6FAA}"
EndProject
Project("{FAE04EC0-301F-11D3-BF4B-00C04F79EFBC}") = "Clissold.BO", "Clissold.BO\Clissold.BO.csproj", "{94A68F9E-43C9-42E0-829D-0C33CEE04625}"
EndProject
Project("{FAE04EC0-301F-11D3-BF4B-00C04F79EFBC}") = "Clissold.BLL", "Clissold.BLL\Clissold.BLL.csproj", "{0CE2771F-31A0-4770-B271-83D9E97EFC1A}"
EndProject
Global
	GlobalSection(SolutionConfigurationPlatforms) = preSolution
		Debug|Any CPU = Debug|Any CPU
		Release|Any CPU = Release|Any CPU
	EndGlobalSection
	GlobalSection(ProjectConfigurationPlatforms) = postSolution
		{4EEFD755-7B7E-4E6E-B5EC-15C8E1161D18}.Debug|Any CPU.ActiveCfg = Debug|Any CPU
		{4EEFD755-7B7E-4E6E-B5EC-15C8E1161D18}.Debug|Any CPU.Build.0 = Debug|Any CPU
		{4EEFD755-7B7E-4E6E-B5EC-15C8E1161D18}.Release|Any CPU.ActiveCfg = Release|Any CPU
		{4EEFD755-7B7E-4E6E-B5EC-15C8E1161D18}.Release|Any CPU.Build.0 = Release|Any CPU
		{2CC79573-7C60-4463-98E2-1B15625F6FAA}.Debug|Any CPU.ActiveCfg = Debug|Any CPU
		{2CC79573-7C60-4463-98E2-1B15625F6FAA}.Debug|Any CPU.Build.0 = Debug|Any CPU
		{2CC79573-7C60-4463-98E2-1B15625F6FAA}.Release|Any CPU.ActiveCfg = Release|Any CPU
		{2CC79573-7C60-4463-98E2-1B15625F6FAA}.Release|Any CPU.Build.0 = Release|Any CPU
		{94A68F9E-43C9-42E0-829D-0C33CEE04625}.Debug|Any CPU.ActiveCfg = Debug|Any CPU
		{94A68F9E-43C9-42E0-829D-0C33CEE04625}.Debug|Any CPU.Build.0 = Debug|Any CPU
		{94A68F9E-43C9-42E0-829D-0C33CEE04625}.Release|Any CPU.ActiveCfg = Release|Any CPU
		{94A68F9E-43C9-42E0-829D-0C33CEE04625}.Release|Any CPU.Build.0 = Release|Any CPU
		{0CE2771F-31A0-4770-B271-83D9E97EFC1A}.Debug|Any CPU.ActiveCfg = Debug|Any CPU
		{0CE2771F-31A0-4770-B271-83D9E97EFC1A}.Debug|Any CPU.Build.0 = Debug|Any CPU
		{0CE2771F-31A0-4770-B271-83D9E97EFC1A}.Release|Any CPU.ActiveCfg = Release|Any CPU
		{0CE2771F-31A0-4770-B271-83D9E97EFC1A}.Release|Any CPU.Build.0 = Release|Any CPU
	EndGlobalSection
	GlobalSection(SolutionProperties) = preSolution
		HideSolutionNode = FALSE
	EndGlobalSection
	GlobalSection(ExtensibilityGlobals) = postSolution
		SolutionGuid = {1AFF9DD8-9822-4DF0-A642-8FCD2D76417D}
	EndGlobalSection
EndGlobal
